// !$*UTF8*$!
{
	archiveVersion = 1;
	classes = {
	};
	objectVersion = 56;
	objects = {

/* Begin PBXBuildFile section */
		D84E821A2A69DB2D006F5004 /* ScrumTrackApp.swift in Sources */ = {isa = PBXBuildFile; fileRef = D84E82192A69DB2D006F5004 /* ScrumTrackApp.swift */; };
		D84E821C2A69DB2D006F5004 /* MeetingView.swift in Sources */ = {isa = PBXBuildFile; fileRef = D84E821B2A69DB2D006F5004 /* MeetingView.swift */; };
		D84E821E2A69DB2E006F5004 /* Assets.xcassets in Resources */ = {isa = PBXBuildFile; fileRef = D84E821D2A69DB2E006F5004 /* Assets.xcassets */; };
		D84E82212A69DB2E006F5004 /* Preview Assets.xcassets in Resources */ = {isa = PBXBuildFile; fileRef = D84E82202A69DB2E006F5004 /* Preview Assets.xcassets */; };
		D84E822B2A69DB2E006F5004 /* ScrumTrackTests.swift in Sources */ = {isa = PBXBuildFile; fileRef = D84E822A2A69DB2E006F5004 /* ScrumTrackTests.swift */; };
		D84E82352A69DB2E006F5004 /* ScrumTrackUITests.swift in Sources */ = {isa = PBXBuildFile; fileRef = D84E82342A69DB2E006F5004 /* ScrumTrackUITests.swift */; };
		D84E82372A69DB2E006F5004 /* ScrumTrackUITestsLaunchTests.swift in Sources */ = {isa = PBXBuildFile; fileRef = D84E82362A69DB2E006F5004 /* ScrumTrackUITestsLaunchTests.swift */; };
		D852610C2AC5D533009592AD /* Theme.swift in Sources */ = {isa = PBXBuildFile; fileRef = D852610B2AC5D533009592AD /* Theme.swift */; };
		D87096B82AD46C7A00B15D52 /* DetailView.swift in Sources */ = {isa = PBXBuildFile; fileRef = D87096B72AD46C7A00B15D52 /* DetailView.swift */; };
		D87096BA2AD474FC00B15D52 /* DetailEditView.swift in Sources */ = {isa = PBXBuildFile; fileRef = D87096B92AD474FC00B15D52 /* DetailEditView.swift */; };
		D8A959C62AD0C6790080B27B /* CardView.swift in Sources */ = {isa = PBXBuildFile; fileRef = D8A959C52AD0C6790080B27B /* CardView.swift */; };
		D8A959C82AD0C84B0080B27B /* DailyScrum.swift in Sources */ = {isa = PBXBuildFile; fileRef = D8A959C72AD0C84B0080B27B /* DailyScrum.swift */; };
		D8A959CA2AD0C8CE0080B27B /* TrailingIconLabelStyle.swift in Sources */ = {isa = PBXBuildFile; fileRef = D8A959C92AD0C8CE0080B27B /* TrailingIconLabelStyle.swift */; };
		D8A959CC2AD0C92D0080B27B /* ScrumsView.swift in Sources */ = {isa = PBXBuildFile; fileRef = D8A959CB2AD0C92D0080B27B /* ScrumsView.swift */; };
		D8F9D29F2AD605EC00D6F8FC /* ThemePicker.swift in Sources */ = {isa = PBXBuildFile; fileRef = D8F9D29E2AD605EC00D6F8FC /* ThemePicker.swift */; };
		D8F9D2A12AD6063700D6F8FC /* ThemeView.swift in Sources */ = {isa = PBXBuildFile; fileRef = D8F9D2A02AD6063700D6F8FC /* ThemeView.swift */; };
/* End PBXBuildFile section */

/* Begin PBXContainerItemProxy section */
		D84E82272A69DB2E006F5004 /* PBXContainerItemProxy */ = {
			isa = PBXContainerItemProxy;
			containerPortal = D84E820E2A69DB2D006F5004 /* Project object */;
			proxyType = 1;
			remoteGlobalIDString = D84E82152A69DB2D006F5004;
			remoteInfo = ScrumTrack;
		};
		D84E82312A69DB2E006F5004 /* PBXContainerItemProxy */ = {
			isa = PBXContainerItemProxy;
			containerPortal = D84E820E2A69DB2D006F5004 /* Project object */;
			proxyType = 1;
			remoteGlobalIDString = D84E82152A69DB2D006F5004;
			remoteInfo = ScrumTrack;
		};
/* End PBXContainerItemProxy section */

/* Begin PBXFileReference section */
		D84E82162A69DB2D006F5004 /* ScrumTrack.app */ = {isa = PBXFileReference; explicitFileType = wrapper.application; includeInIndex = 0; path = ScrumTrack.app; sourceTree = BUILT_PRODUCTS_DIR; };
		D84E82192A69DB2D006F5004 /* ScrumTrackApp.swift */ = {isa = PBXFileReference; lastKnownFileType = sourcecode.swift; path = ScrumTrackApp.swift; sourceTree = "<group>"; };
		D84E821B2A69DB2D006F5004 /* MeetingView.swift */ = {isa = PBXFileReference; lastKnownFileType = sourcecode.swift; name = MeetingView.swift; path = ../MeetingView.swift; sourceTree = "<group>"; };
		D84E821D2A69DB2E006F5004 /* Assets.xcassets */ = {isa = PBXFileReference; lastKnownFileType = folder.assetcatalog; path = Assets.xcassets; sourceTree = "<group>"; };
		D84E82202A69DB2E006F5004 /* Preview Assets.xcassets */ = {isa = PBXFileReference; lastKnownFileType = folder.assetcatalog; path = "Preview Assets.xcassets"; sourceTree = "<group>"; };
		D84E82262A69DB2E006F5004 /* ScrumTrackTests.xctest */ = {isa = PBXFileReference; explicitFileType = wrapper.cfbundle; includeInIndex = 0; path = ScrumTrackTests.xctest; sourceTree = BUILT_PRODUCTS_DIR; };
		D84E822A2A69DB2E006F5004 /* ScrumTrackTests.swift */ = {isa = PBXFileReference; lastKnownFileType = sourcecode.swift; path = ScrumTrackTests.swift; sourceTree = "<group>"; };
		D84E82302A69DB2E006F5004 /* ScrumTrackUITests.xctest */ = {isa = PBXFileReference; explicitFileType = wrapper.cfbundle; includeInIndex = 0; path = ScrumTrackUITests.xctest; sourceTree = BUILT_PRODUCTS_DIR; };
		D84E82342A69DB2E006F5004 /* ScrumTrackUITests.swift */ = {isa = PBXFileReference; lastKnownFileType = sourcecode.swift; path = ScrumTrackUITests.swift; sourceTree = "<group>"; };
		D84E82362A69DB2E006F5004 /* ScrumTrackUITestsLaunchTests.swift */ = {isa = PBXFileReference; lastKnownFileType = sourcecode.swift; path = ScrumTrackUITestsLaunchTests.swift; sourceTree = "<group>"; };
		D852610B2AC5D533009592AD /* Theme.swift */ = {isa = PBXFileReference; lastKnownFileType = sourcecode.swift; path = Theme.swift; sourceTree = "<group>"; };
		D87096B72AD46C7A00B15D52 /* DetailView.swift */ = {isa = PBXFileReference; lastKnownFileType = sourcecode.swift; name = DetailView.swift; path = ../DetailView.swift; sourceTree = "<group>"; };
		D87096B92AD474FC00B15D52 /* DetailEditView.swift */ = {isa = PBXFileReference; lastKnownFileType = sourcecode.swift; name = DetailEditView.swift; path = ../DetailEditView.swift; sourceTree = "<group>"; };
		D8A959C52AD0C6790080B27B /* CardView.swift */ = {isa = PBXFileReference; lastKnownFileType = sourcecode.swift; name = CardView.swift; path = ../CardView.swift; sourceTree = "<group>"; };
		D8A959C72AD0C84B0080B27B /* DailyScrum.swift */ = {isa = PBXFileReference; lastKnownFileType = sourcecode.swift; path = DailyScrum.swift; sourceTree = "<group>"; };
		D8A959C92AD0C8CE0080B27B /* TrailingIconLabelStyle.swift */ = {isa = PBXFileReference; lastKnownFileType = sourcecode.swift; path = TrailingIconLabelStyle.swift; sourceTree = "<group>"; };
		D8A959CB2AD0C92D0080B27B /* ScrumsView.swift */ = {isa = PBXFileReference; lastKnownFileType = sourcecode.swift; name = ScrumsView.swift; path = ../ScrumsView.swift; sourceTree = "<group>"; };
		D8F9D29E2AD605EC00D6F8FC /* ThemePicker.swift */ = {isa = PBXFileReference; lastKnownFileType = sourcecode.swift; path = ThemePicker.swift; sourceTree = "<group>"; };
		D8F9D2A02AD6063700D6F8FC /* ThemeView.swift */ = {isa = PBXFileReference; lastKnownFileType = sourcecode.swift; path = ThemeView.swift; sourceTree = "<group>"; };
/* End PBXFileReference section */

/* Begin PBXFrameworksBuildPhase section */
		D84E82132A69DB2D006F5004 /* Frameworks */ = {
			isa = PBXFrameworksBuildPhase;
			buildActionMask = 2147483647;
			files = (
			);
			runOnlyForDeploymentPostprocessing = 0;
		};
		D84E82232A69DB2E006F5004 /* Frameworks */ = {
			isa = PBXFrameworksBuildPhase;
			buildActionMask = 2147483647;
			files = (
			);
			runOnlyForDeploymentPostprocessing = 0;
		};
		D84E822D2A69DB2E006F5004 /* Frameworks */ = {
			isa = PBXFrameworksBuildPhase;
			buildActionMask = 2147483647;
			files = (
			);
			runOnlyForDeploymentPostprocessing = 0;
		};
/* End PBXFrameworksBuildPhase section */

/* Begin PBXGroup section */
		D80EF91E2AD60443007860B0 /* Views */ = {
			isa = PBXGroup;
			children = (
				D8A959C52AD0C6790080B27B /* CardView.swift */,
				D87096B92AD474FC00B15D52 /* DetailEditView.swift */,
				D87096B72AD46C7A00B15D52 /* DetailView.swift */,
				D84E821B2A69DB2D006F5004 /* MeetingView.swift */,
				D8A959CB2AD0C92D0080B27B /* ScrumsView.swift */,
				D8F9D29E2AD605EC00D6F8FC /* ThemePicker.swift */,
				D8F9D2A02AD6063700D6F8FC /* ThemeView.swift */,
			);
			name = Views;
			path = ScrumTrack/Views;
			sourceTree = "<group>";
		};
		D84E820D2A69DB2D006F5004 = {
			isa = PBXGroup;
			children = (
				D80EF91E2AD60443007860B0 /* Views */,
				D85CF7002AC50E7C002423B9 /* Models */,
				D84E82182A69DB2D006F5004 /* ScrumTrack */,
				D84E82292A69DB2E006F5004 /* ScrumTrackTests */,
				D84E82332A69DB2E006F5004 /* ScrumTrackUITests */,
				D84E82172A69DB2D006F5004 /* Products */,
			);
			sourceTree = "<group>";
		};
		D84E82172A69DB2D006F5004 /* Products */ = {
			isa = PBXGroup;
			children = (
				D84E82162A69DB2D006F5004 /* ScrumTrack.app */,
				D84E82262A69DB2E006F5004 /* ScrumTrackTests.xctest */,
				D84E82302A69DB2E006F5004 /* ScrumTrackUITests.xctest */,
			);
			name = Products;
			sourceTree = "<group>";
		};
		D84E82182A69DB2D006F5004 /* ScrumTrack */ = {
			isa = PBXGroup;
			children = (
				D84E821D2A69DB2E006F5004 /* Assets.xcassets */,
				D84E821F2A69DB2E006F5004 /* Preview Content */,
				D84E82192A69DB2D006F5004 /* ScrumTrackApp.swift */,
			);
			path = ScrumTrack;
			sourceTree = "<group>";
		};
		D84E821F2A69DB2E006F5004 /* Preview Content */ = {
			isa = PBXGroup;
			children = (
				D84E82202A69DB2E006F5004 /* Preview Assets.xcassets */,
			);
			path = "Preview Content";
			sourceTree = "<group>";
		};
		D84E82292A69DB2E006F5004 /* ScrumTrackTests */ = {
			isa = PBXGroup;
			children = (
				D84E822A2A69DB2E006F5004 /* ScrumTrackTests.swift */,
			);
			path = ScrumTrackTests;
			sourceTree = "<group>";
		};
		D84E82332A69DB2E006F5004 /* ScrumTrackUITests */ = {
			isa = PBXGroup;
			children = (
				D84E82342A69DB2E006F5004 /* ScrumTrackUITests.swift */,
				D84E82362A69DB2E006F5004 /* ScrumTrackUITestsLaunchTests.swift */,
			);
			path = ScrumTrackUITests;
			sourceTree = "<group>";
		};
		D85CF7002AC50E7C002423B9 /* Models */ = {
			isa = PBXGroup;
			children = (
				D8A959C72AD0C84B0080B27B /* DailyScrum.swift */,
				D852610B2AC5D533009592AD /* Theme.swift */,
				D8A959C92AD0C8CE0080B27B /* TrailingIconLabelStyle.swift */,
			);
			path = Models;
			sourceTree = "<group>";
		};
/* End PBXGroup section */

/* Begin PBXNativeTarget section */
		D84E82152A69DB2D006F5004 /* ScrumTrack */ = {
			isa = PBXNativeTarget;
			buildConfigurationList = D84E823A2A69DB2E006F5004 /* Build configuration list for PBXNativeTarget "ScrumTrack" */;
			buildPhases = (
				D84E82122A69DB2D006F5004 /* Sources */,
				D84E82132A69DB2D006F5004 /* Frameworks */,
				D84E82142A69DB2D006F5004 /* Resources */,
			);
			buildRules = (
			);
			dependencies = (
			);
			name = ScrumTrack;
			productName = ScrumTrack;
			productReference = D84E82162A69DB2D006F5004 /* ScrumTrack.app */;
			productType = "com.apple.product-type.application";
		};
		D84E82252A69DB2E006F5004 /* ScrumTrackTests */ = {
			isa = PBXNativeTarget;
			buildConfigurationList = D84E823D2A69DB2E006F5004 /* Build configuration list for PBXNativeTarget "ScrumTrackTests" */;
			buildPhases = (
				D84E82222A69DB2E006F5004 /* Sources */,
				D84E82232A69DB2E006F5004 /* Frameworks */,
				D84E82242A69DB2E006F5004 /* Resources */,
			);
			buildRules = (
			);
			dependencies = (
				D84E82282A69DB2E006F5004 /* PBXTargetDependency */,
			);
			name = ScrumTrackTests;
			productName = ScrumTrackTests;
			productReference = D84E82262A69DB2E006F5004 /* ScrumTrackTests.xctest */;
			productType = "com.apple.product-type.bundle.unit-test";
		};
		D84E822F2A69DB2E006F5004 /* ScrumTrackUITests */ = {
			isa = PBXNativeTarget;
			buildConfigurationList = D84E82402A69DB2E006F5004 /* Build configuration list for PBXNativeTarget "ScrumTrackUITests" */;
			buildPhases = (
				D84E822C2A69DB2E006F5004 /* Sources */,
				D84E822D2A69DB2E006F5004 /* Frameworks */,
				D84E822E2A69DB2E006F5004 /* Resources */,
			);
			buildRules = (
			);
			dependencies = (
				D84E82322A69DB2E006F5004 /* PBXTargetDependency */,
			);
			name = ScrumTrackUITests;
			productName = ScrumTrackUITests;
			productReference = D84E82302A69DB2E006F5004 /* ScrumTrackUITests.xctest */;
			productType = "com.apple.product-type.bundle.ui-testing";
		};
/* End PBXNativeTarget section */

/* Begin PBXProject section */
		D84E820E2A69DB2D006F5004 /* Project object */ = {
			isa = PBXProject;
			attributes = {
				BuildIndependentTargetsInParallel = 1;
				LastSwiftUpdateCheck = 1430;
				LastUpgradeCheck = 1430;
				TargetAttributes = {
					D84E82152A69DB2D006F5004 = {
						CreatedOnToolsVersion = 14.3.1;
					};
					D84E82252A69DB2E006F5004 = {
						CreatedOnToolsVersion = 14.3.1;
						TestTargetID = D84E82152A69DB2D006F5004;
					};
					D84E822F2A69DB2E006F5004 = {
						CreatedOnToolsVersion = 14.3.1;
						TestTargetID = D84E82152A69DB2D006F5004;
					};
				};
			};
			buildConfigurationList = D84E82112A69DB2D006F5004 /* Build configuration list for PBXProject "ScrumTrack" */;
			compatibilityVersion = "Xcode 14.0";
			developmentRegion = en;
			hasScannedForEncodings = 0;
			knownRegions = (
				en,
				Base,
			);
			mainGroup = D84E820D2A69DB2D006F5004;
			productRefGroup = D84E82172A69DB2D006F5004 /* Products */;
			projectDirPath = "";
			projectRoot = "";
			targets = (
				D84E82152A69DB2D006F5004 /* ScrumTrack */,
				D84E82252A69DB2E006F5004 /* ScrumTrackTests */,
				D84E822F2A69DB2E006F5004 /* ScrumTrackUITests */,
			);
		};
/* End PBXProject section */

/* Begin PBXResourcesBuildPhase section */
		D84E82142A69DB2D006F5004 /* Resources */ = {
			isa = PBXResourcesBuildPhase;
			buildActionMask = 2147483647;
			files = (
				D84E82212A69DB2E006F5004 /* Preview Assets.xcassets in Resources */,
				D84E821E2A69DB2E006F5004 /* Assets.xcassets in Resources */,
			);
			runOnlyForDeploymentPostprocessing = 0;
		};
		D84E82242A69DB2E006F5004 /* Resources */ = {
			isa = PBXResourcesBuildPhase;
			buildActionMask = 2147483647;
			files = (
			);
			runOnlyForDeploymentPostprocessing = 0;
		};
		D84E822E2A69DB2E006F5004 /* Resources */ = {
			isa = PBXResourcesBuildPhase;
			buildActionMask = 2147483647;
			files = (
			);
			runOnlyForDeploymentPostprocessing = 0;
		};
/* End PBXResourcesBuildPhase section */

/* Begin PBXSourcesBuildPhase section */
		D84E82122A69DB2D006F5004 /* Sources */ = {
			isa = PBXSourcesBuildPhase;
			buildActionMask = 2147483647;
			files = (
				D8A959C82AD0C84B0080B27B /* DailyScrum.swift in Sources */,
				D8F9D2A12AD6063700D6F8FC /* ThemeView.swift in Sources */,
				D87096B82AD46C7A00B15D52 /* DetailView.swift in Sources */,
				D87096BA2AD474FC00B15D52 /* DetailEditView.swift in Sources */,
				D8F9D29F2AD605EC00D6F8FC /* ThemePicker.swift in Sources */,
				D8A959CC2AD0C92D0080B27B /* ScrumsView.swift in Sources */,
				D8A959CA2AD0C8CE0080B27B /* TrailingIconLabelStyle.swift in Sources */,
				D852610C2AC5D533009592AD /* Theme.swift in Sources */,
				D84E821C2A69DB2D006F5004 /* MeetingView.swift in Sources */,
				D8A959C62AD0C6790080B27B /* CardView.swift in Sources */,
				D84E821A2A69DB2D006F5004 /* ScrumTrackApp.swift in Sources */,
			);
			runOnlyForDeploymentPostprocessing = 0;
		};
		D84E82222A69DB2E006F5004 /* Sources */ = {
			isa = PBXSourcesBuildPhase;
			buildActionMask = 2147483647;
			files = (
				D84E822B2A69DB2E006F5004 /* ScrumTrackTests.swift in Sources */,
			);
			runOnlyForDeploymentPostprocessing = 0;
		};
		D84E822C2A69DB2E006F5004 /* Sources */ = {
			isa = PBXSourcesBuildPhase;
			buildActionMask = 2147483647;
			files = (
				D84E82352A69DB2E006F5004 /* ScrumTrackUITests.swift in Sources */,
				D84E82372A69DB2E006F5004 /* ScrumTrackUITestsLaunchTests.swift in Sources */,
			);
			runOnlyForDeploymentPostprocessing = 0;
		};
/* End PBXSourcesBuildPhase section */

/* Begin PBXTargetDependency section */
		D84E82282A69DB2E006F5004 /* PBXTargetDependency */ = {
			isa = PBXTargetDependency;
			target = D84E82152A69DB2D006F5004 /* ScrumTrack */;
			targetProxy = D84E82272A69DB2E006F5004 /* PBXContainerItemProxy */;
		};
		D84E82322A69DB2E006F5004 /* PBXTargetDependency */ = {
			isa = PBXTargetDependency;
			target = D84E82152A69DB2D006F5004 /* ScrumTrack */;
			targetProxy = D84E82312A69DB2E006F5004 /* PBXContainerItemProxy */;
		};
/* End PBXTargetDependency section */

/* Begin XCBuildConfiguration section */
		D84E82382A69DB2E006F5004 /* Debug */ = {
			isa = XCBuildConfiguration;
			buildSettings = {
				ALWAYS_SEARCH_USER_PATHS = NO;
				CLANG_ANALYZER_NONNULL = YES;
				CLANG_ANALYZER_NUMBER_OBJECT_CONVERSION = YES_AGGRESSIVE;
				CLANG_CXX_LANGUAGE_STANDARD = "gnu++20";
				CLANG_ENABLE_MODULES = YES;
				CLANG_ENABLE_OBJC_ARC = YES;
				CLANG_ENABLE_OBJC_WEAK = YES;
				CLANG_WARN_BLOCK_CAPTURE_AUTORELEASING = YES;
				CLANG_WARN_BOOL_CONVERSION = YES;
				CLANG_WARN_COMMA = YES;
				CLANG_WARN_CONSTANT_CONVERSION = YES;
				CLANG_WARN_DEPRECATED_OBJC_IMPLEMENTATIONS = YES;
				CLANG_WARN_DIRECT_OBJC_ISA_USAGE = YES_ERROR;
				CLANG_WARN_DOCUMENTATION_COMMENTS = YES;
				CLANG_WARN_EMPTY_BODY = YES;
				CLANG_WARN_ENUM_CONVERSION = YES;
				CLANG_WARN_INFINITE_RECURSION = YES;
				CLANG_WARN_INT_CONVERSION = YES;
				CLANG_WARN_NON_LITERAL_NULL_CONVERSION = YES;
				CLANG_WARN_OBJC_IMPLICIT_RETAIN_SELF = YES;
				CLANG_WARN_OBJC_LITERAL_CONVERSION = YES;
				CLANG_WARN_OBJC_ROOT_CLASS = YES_ERROR;
				CLANG_WARN_QUOTED_INCLUDE_IN_FRAMEWORK_HEADER = YES;
				CLANG_WARN_RANGE_LOOP_ANALYSIS = YES;
				CLANG_WARN_STRICT_PROTOTYPES = YES;
				CLANG_WARN_SUSPICIOUS_MOVE = YES;
				CLANG_WARN_UNGUARDED_AVAILABILITY = YES_AGGRESSIVE;
				CLANG_WARN_UNREACHABLE_CODE = YES;
				CLANG_WARN__DUPLICATE_METHOD_MATCH = YES;
				COPY_PHASE_STRIP = NO;
				DEBUG_INFORMATION_FORMAT = dwarf;
				ENABLE_STRICT_OBJC_MSGSEND = YES;
				ENABLE_TESTABILITY = YES;
				GCC_C_LANGUAGE_STANDARD = gnu11;
				GCC_DYNAMIC_NO_PIC = NO;
				GCC_NO_COMMON_BLOCKS = YES;
				GCC_OPTIMIZATION_LEVEL = 0;
				GCC_PREPROCESSOR_DEFINITIONS = (
					"DEBUG=1",
					"$(inherited)",
				);
				GCC_WARN_64_TO_32_BIT_CONVERSION = YES;
				GCC_WARN_ABOUT_RETURN_TYPE = YES_ERROR;
				GCC_WARN_UNDECLARED_SELECTOR = YES;
				GCC_WARN_UNINITIALIZED_AUTOS = YES_AGGRESSIVE;
				GCC_WARN_UNUSED_FUNCTION = YES;
				GCC_WARN_UNUSED_VARIABLE = YES;
				IPHONEOS_DEPLOYMENT_TARGET = 16.4;
				MTL_ENABLE_DEBUG_INFO = INCLUDE_SOURCE;
				MTL_FAST_MATH = YES;
				ONLY_ACTIVE_ARCH = YES;
				SDKROOT = iphoneos;
				SWIFT_ACTIVE_COMPILATION_CONDITIONS = DEBUG;
				SWIFT_OPTIMIZATION_LEVEL = "-Onone";
			};
			name = Debug;
		};
		D84E82392A69DB2E006F5004 /* Release */ = {
			isa = XCBuildConfiguration;
			buildSettings = {
				ALWAYS_SEARCH_USER_PATHS = NO;
				CLANG_ANALYZER_NONNULL = YES;
				CLANG_ANALYZER_NUMBER_OBJECT_CONVERSION = YES_AGGRESSIVE;
				CLANG_CXX_LANGUAGE_STANDARD = "gnu++20";
				CLANG_ENABLE_MODULES = YES;
				CLANG_ENABLE_OBJC_ARC = YES;
				CLANG_ENABLE_OBJC_WEAK = YES;
				CLANG_WARN_BLOCK_CAPTURE_AUTORELEASING = YES;
				CLANG_WARN_BOOL_CONVERSION = YES;
				CLANG_WARN_COMMA = YES;
				CLANG_WARN_CONSTANT_CONVERSION = YES;
				CLANG_WARN_DEPRECATED_OBJC_IMPLEMENTATIONS = YES;
				CLANG_WARN_DIRECT_OBJC_ISA_USAGE = YES_ERROR;
				CLANG_WARN_DOCUMENTATION_COMMENTS = YES;
				CLANG_WARN_EMPTY_BODY = YES;
				CLANG_WARN_ENUM_CONVERSION = YES;
				CLANG_WARN_INFINITE_RECURSION = YES;
				CLANG_WARN_INT_CONVERSION = YES;
				CLANG_WARN_NON_LITERAL_NULL_CONVERSION = YES;
				CLANG_WARN_OBJC_IMPLICIT_RETAIN_SELF = YES;
				CLANG_WARN_OBJC_LITERAL_CONVERSION = YES;
				CLANG_WARN_OBJC_ROOT_CLASS = YES_ERROR;
				CLANG_WARN_QUOTED_INCLUDE_IN_FRAMEWORK_HEADER = YES;
				CLANG_WARN_RANGE_LOOP_ANALYSIS = YES;
				CLANG_WARN_STRICT_PROTOTYPES = YES;
				CLANG_WARN_SUSPICIOUS_MOVE = YES;
				CLANG_WARN_UNGUARDED_AVAILABILITY = YES_AGGRESSIVE;
				CLANG_WARN_UNREACHABLE_CODE = YES;
				CLANG_WARN__DUPLICATE_METHOD_MATCH = YES;
				COPY_PHASE_STRIP = NO;
				DEBUG_INFORMATION_FORMAT = "dwarf-with-dsym";
				ENABLE_NS_ASSERTIONS = NO;
				ENABLE_STRICT_OBJC_MSGSEND = YES;
				GCC_C_LANGUAGE_STANDARD = gnu11;
				GCC_NO_COMMON_BLOCKS = YES;
				GCC_WARN_64_TO_32_BIT_CONVERSION = YES;
				GCC_WARN_ABOUT_RETURN_TYPE = YES_ERROR;
				GCC_WARN_UNDECLARED_SELECTOR = YES;
				GCC_WARN_UNINITIALIZED_AUTOS = YES_AGGRESSIVE;
				GCC_WARN_UNUSED_FUNCTION = YES;
				GCC_WARN_UNUSED_VARIABLE = YES;
				IPHONEOS_DEPLOYMENT_TARGET = 16.4;
				MTL_ENABLE_DEBUG_INFO = NO;
				MTL_FAST_MATH = YES;
				SDKROOT = iphoneos;
				SWIFT_COMPILATION_MODE = wholemodule;
				SWIFT_OPTIMIZATION_LEVEL = "-O";
				VALIDATE_PRODUCT = YES;
			};
			name = Release;
		};
		D84E823B2A69DB2E006F5004 /* Debug */ = {
			isa = XCBuildConfiguration;
			buildSettings = {
				ASSETCATALOG_COMPILER_APPICON_NAME = AppIcon;
				ASSETCATALOG_COMPILER_GLOBAL_ACCENT_COLOR_NAME = AccentColor;
				CODE_SIGN_STYLE = Automatic;
				CURRENT_PROJECT_VERSION = 1;
				DEVELOPMENT_ASSET_PATHS = "\"ScrumTrack/Preview Content\"";
				ENABLE_PREVIEWS = YES;
				GENERATE_INFOPLIST_FILE = YES;
				INFOPLIST_KEY_UIApplicationSceneManifest_Generation = YES;
				INFOPLIST_KEY_UIApplicationSupportsIndirectInputEvents = YES;
				INFOPLIST_KEY_UILaunchScreen_Generation = YES;
				INFOPLIST_KEY_UISupportedInterfaceOrientations_iPad = "UIInterfaceOrientationPortrait UIInterfaceOrientationPortraitUpsideDown UIInterfaceOrientationLandscapeLeft UIInterfaceOrientationLandscapeRight";
				INFOPLIST_KEY_UISupportedInterfaceOrientations_iPhone = "UIInterfaceOrientationPortrait UIInterfaceOrientationLandscapeLeft UIInterfaceOrientationLandscapeRight";
				LD_RUNPATH_SEARCH_PATHS = (
					"$(inherited)",
					"@executable_path/Frameworks",
				);
				MARKETING_VERSION = 1.0;
				PRODUCT_BUNDLE_IDENTIFIER = dev.nathanhannon.ScrumTrack;
				PRODUCT_NAME = "$(TARGET_NAME)";
				SWIFT_EMIT_LOC_STRINGS = YES;
				SWIFT_VERSION = 5.0;
				TARGETED_DEVICE_FAMILY = "1,2";
			};
			name = Debug;
		};
		D84E823C2A69DB2E006F5004 /* Release */ = {
			isa = XCBuildConfiguration;
			buildSettings = {
				ASSETCATALOG_COMPILER_APPICON_NAME = AppIcon;
				ASSETCATALOG_COMPILER_GLOBAL_ACCENT_COLOR_NAME = AccentColor;
				CODE_SIGN_STYLE = Automatic;
				CURRENT_PROJECT_VERSION = 1;
				DEVELOPMENT_ASSET_PATHS = "\"ScrumTrack/Preview Content\"";
				ENABLE_PREVIEWS = YES;
				GENERATE_INFOPLIST_FILE = YES;
				INFOPLIST_KEY_UIApplicationSceneManifest_Generation = YES;
				INFOPLIST_KEY_UIApplicationSupportsIndirectInputEvents = YES;
				INFOPLIST_KEY_UILaunchScreen_Generation = YES;
				INFOPLIST_KEY_UISupportedInterfaceOrientations_iPad = "UIInterfaceOrientationPortrait UIInterfaceOrientationPortraitUpsideDown UIInterfaceOrientationLandscapeLeft UIInterfaceOrientationLandscapeRight";
				INFOPLIST_KEY_UISupportedInterfaceOrientations_iPhone = "UIInterfaceOrientationPortrait UIInterfaceOrientationLandscapeLeft UIInterfaceOrientationLandscapeRight";
				LD_RUNPATH_SEARCH_PATHS = (
					"$(inherited)",
					"@executable_path/Frameworks",
				);
				MARKETING_VERSION = 1.0;
				PRODUCT_BUNDLE_IDENTIFIER = dev.nathanhannon.ScrumTrack;
				PRODUCT_NAME = "$(TARGET_NAME)";
				SWIFT_EMIT_LOC_STRINGS = YES;
				SWIFT_VERSION = 5.0;
				TARGETED_DEVICE_FAMILY = "1,2";
			};
			name = Release;
		};
		D84E823E2A69DB2E006F5004 /* Debug */ = {
			isa = XCBuildConfiguration;
			buildSettings = {
				ALWAYS_EMBED_SWIFT_STANDARD_LIBRARIES = YES;
				BUNDLE_LOADER = "$(TEST_HOST)";
				CODE_SIGN_STYLE = Automatic;
				CURRENT_PROJECT_VERSION = 1;
				GENERATE_INFOPLIST_FILE = YES;
				IPHONEOS_DEPLOYMENT_TARGET = 16.4;
				MARKETING_VERSION = 1.0;
				PRODUCT_BUNDLE_IDENTIFIER = dev.nathanhannon.ScrumTrackTests;
				PRODUCT_NAME = "$(TARGET_NAME)";
				SWIFT_EMIT_LOC_STRINGS = NO;
				SWIFT_VERSION = 5.0;
				TARGETED_DEVICE_FAMILY = "1,2";
				TEST_HOST = "$(BUILT_PRODUCTS_DIR)/ScrumTrack.app/$(BUNDLE_EXECUTABLE_FOLDER_PATH)/ScrumTrack";
			};
			name = Debug;
		};
		D84E823F2A69DB2E006F5004 /* Release */ = {
			isa = XCBuildConfiguration;
			buildSettings = {
				ALWAYS_EMBED_SWIFT_STANDARD_LIBRARIES = YES;
				BUNDLE_LOADER = "$(TEST_HOST)";
				CODE_SIGN_STYLE = Automatic;
				CURRENT_PROJECT_VERSION = 1;
				GENERATE_INFOPLIST_FILE = YES;
				IPHONEOS_DEPLOYMENT_TARGET = 16.4;
				MARKETING_VERSION = 1.0;
				PRODUCT_BUNDLE_IDENTIFIER = dev.nathanhannon.ScrumTrackTests;
				PRODUCT_NAME = "$(TARGET_NAME)";
				SWIFT_EMIT_LOC_STRINGS = NO;
				SWIFT_VERSION = 5.0;
				TARGETED_DEVICE_FAMILY = "1,2";
				TEST_HOST = "$(BUILT_PRODUCTS_DIR)/ScrumTrack.app/$(BUNDLE_EXECUTABLE_FOLDER_PATH)/ScrumTrack";
			};
			name = Release;
		};
		D84E82412A69DB2E006F5004 /* Debug */ = {
			isa = XCBuildConfiguration;
			buildSettings = {
				ALWAYS_EMBED_SWIFT_STANDARD_LIBRARIES = YES;
				CODE_SIGN_STYLE = Automatic;
				CURRENT_PROJECT_VERSION = 1;
				GENERATE_INFOPLIST_FILE = YES;
				MARKETING_VERSION = 1.0;
				PRODUCT_BUNDLE_IDENTIFIER = dev.nathanhannon.ScrumTrackUITests;
				PRODUCT_NAME = "$(TARGET_NAME)";
				SWIFT_EMIT_LOC_STRINGS = NO;
				SWIFT_VERSION = 5.0;
				TARGETED_DEVICE_FAMILY = "1,2";
				TEST_TARGET_NAME = ScrumTrack;
			};
			name = Debug;
		};
		D84E82422A69DB2E006F5004 /* Release */ = {
			isa = XCBuildConfiguration;
			buildSettings = {
				ALWAYS_EMBED_SWIFT_STANDARD_LIBRARIES = YES;
				CODE_SIGN_STYLE = Automatic;
				CURRENT_PROJECT_VERSION = 1;
				GENERATE_INFOPLIST_FILE = YES;
				MARKETING_VERSION = 1.0;
				PRODUCT_BUNDLE_IDENTIFIER = dev.nathanhannon.ScrumTrackUITests;
				PRODUCT_NAME = "$(TARGET_NAME)";
				SWIFT_EMIT_LOC_STRINGS = NO;
				SWIFT_VERSION = 5.0;
				TARGETED_DEVICE_FAMILY = "1,2";
				TEST_TARGET_NAME = ScrumTrack;
			};
			name = Release;
		};
/* End XCBuildConfiguration section */

/* Begin XCConfigurationList section */
		D84E82112A69DB2D006F5004 /* Build configuration list for PBXProject "ScrumTrack" */ = {
			isa = XCConfigurationList;
			buildConfigurations = (
				D84E82382A69DB2E006F5004 /* Debug */,
				D84E82392A69DB2E006F5004 /* Release */,
			);
			defaultConfigurationIsVisible = 0;
			defaultConfigurationName = Release;
		};
		D84E823A2A69DB2E006F5004 /* Build configuration list for PBXNativeTarget "ScrumTrack" */ = {
			isa = XCConfigurationList;
			buildConfigurations = (
				D84E823B2A69DB2E006F5004 /* Debug */,
				D84E823C2A69DB2E006F5004 /* Release */,
			);
			defaultConfigurationIsVisible = 0;
			defaultConfigurationName = Release;
		};
		D84E823D2A69DB2E006F5004 /* Build configuration list for PBXNativeTarget "ScrumTrackTests" */ = {
			isa = XCConfigurationList;
			buildConfigurations = (
				D84E823E2A69DB2E006F5004 /* Debug */,
				D84E823F2A69DB2E006F5004 /* Release */,
			);
			defaultConfigurationIsVisible = 0;
			defaultConfigurationName = Release;
		};
		D84E82402A69DB2E006F5004 /* Build configuration list for PBXNativeTarget "ScrumTrackUITests" */ = {
			isa = XCConfigurationList;
			buildConfigurations = (
				D84E82412A69DB2E006F5004 /* Debug */,
				D84E82422A69DB2E006F5004 /* Release */,
			);
			defaultConfigurationIsVisible = 0;
			defaultConfigurationName = Release;
		};
/* End XCConfigurationList section */
	};
	rootObject = D84E820E2A69DB2D006F5004 /* Project object */;
}
